
Microsoft Visual Studio Solution File, Format Version 12.00
# Visual Studio 15
VisualStudioVersion = 15.0.28307.329
MinimumVisualStudioVersion = 10.0.40219.1
Project("{FAE04EC0-301F-11D3-BF4B-00C04F79EFBC}") = "DoomFire", "DoomFire\DoomFire.csproj", "{C2F27A14-B26A-4733-B4E6-29ACAAAFBD45}"
EndProject
Global
	GlobalSection(SolutionConfigurationPlatforms) = preSolution
		Debug|Any CPU = Debug|Any CPU
		Release|Any CPU = Release|Any CPU
	EndGlobalSection
	GlobalSection(ProjectConfigurationPlatforms) = postSolution
		{C2F27A14-B26A-4733-B4E6-29ACAAAFBD45}.Debug|Any CPU.ActiveCfg = Debug|Any CPU
		{C2F27A14-B26A-4733-B4E6-29ACAAAFBD45}.Debug|Any CPU.Build.0 = Debug|Any CPU
		{C2F27A14-B26A-4733-B4E6-29ACAAAFBD45}.Release|Any CPU.ActiveCfg = Release|Any CPU
		{C2F27A14-B26A-4733-B4E6-29ACAAAFBD45}.Release|Any CPU.Build.0 = Release|Any CPU
	EndGlobalSection
	GlobalSection(SolutionProperties) = preSolution
		HideSolutionNode = FALSE
	EndGlobalSection
	GlobalSection(ExtensibilityGlobals) = postSolution
		SolutionGuid = {ADBAD0DB-994C-4E40-9180-7BBBADB5D983}
	EndGlobalSection
EndGlobal
